
Microsoft Visual Studio Solution File, Format Version 12.00
# Visual Studio Version 16
VisualStudioVersion = 16.0.30517.126
MinimumVisualStudioVersion = 10.0.40219.1
Project("{FAE04EC0-301F-11D3-BF4B-00C04F79EFBC}") = "Win_Forms_1", "Win_Forms_1\Win_Forms_1.csproj", "{7D7F0800-2A4D-4C22-BCE8-A387D5BF1193}"
EndProject
Global
	GlobalSection(SolutionConfigurationPlatforms) = preSolution
		Debug|Any CPU = Debug|Any CPU
		Release|Any CPU = Release|Any CPU
	EndGlobalSection
	GlobalSection(ProjectConfigurationPlatforms) = postSolution
		{7D7F0800-2A4D-4C22-BCE8-A387D5BF1193}.Debug|Any CPU.ActiveCfg = Debug|Any CPU
		{7D7F0800-2A4D-4C22-BCE8-A387D5BF1193}.Debug|Any CPU.Build.0 = Debug|Any CPU
		{7D7F0800-2A4D-4C22-BCE8-A387D5BF1193}.Release|Any CPU.ActiveCfg = Release|Any CPU
		{7D7F0800-2A4D-4C22-BCE8-A387D5BF1193}.Release|Any CPU.Build.0 = Release|Any CPU
	EndGlobalSection
	GlobalSection(SolutionProperties) = preSolution
		HideSolutionNode = FALSE
	EndGlobalSection
	GlobalSection(ExtensibilityGlobals) = postSolution
		SolutionGuid = {99431CA2-5598-4F44-A2C7-F5605E91201E}
	EndGlobalSection
EndGlobal
